# This file is autogenerated, do not edit; changes may be undone by the next 'dep ensure'.


[[projects]]
  name = "github.com/Azure/acs-engine"
  packages = ["pkg/helpers"]
  revision = "354701ca03ae3b6f9dd999dfee02981eb2cc5613"
  version = "v0.14.6"

[[projects]]
  name = "github.com/alexcesaro/statsd"
  packages = ["."]
  revision = "7fea3f0d2fab1ad973e641e51dba45443a311a90"
  version = "v2.0.0"

[solve-meta]
  analyzer-name = "dep"
  analyzer-version = 1
  inputs-digest = "c726fc7afe8e544f758e653a3cd3e60e9b9fdb462af97d3e613ab724b43d3379"
  solver-name = "gps-cdcl"
  solver-version = 1
